
Microsoft Visual Studio Solution File, Format Version 12.00
# Visual Studio Version 16
VisualStudioVersion = 16.0.31729.503
MinimumVisualStudioVersion = 10.0.40219.1
Project("{FAE04EC0-301F-11D3-BF4B-00C04F79EFBC}") = "TestPrimesMVC", "TestPrimesMVC.csproj", "{35B3DDF7-CF9F-4106-9E2B-CA712430D2D0}"
EndProject
Global
	GlobalSection(SolutionConfigurationPlatforms) = preSolution
		Debug|Any CPU = Debug|Any CPU
		Release|Any CPU = Release|Any CPU
	EndGlobalSection
	GlobalSection(ProjectConfigurationPlatforms) = postSolution
		{35B3DDF7-CF9F-4106-9E2B-CA712430D2D0}.Debug|Any CPU.ActiveCfg = Debug|Any CPU
		{35B3DDF7-CF9F-4106-9E2B-CA712430D2D0}.Debug|Any CPU.Build.0 = Debug|Any CPU
		{35B3DDF7-CF9F-4106-9E2B-CA712430D2D0}.Release|Any CPU.ActiveCfg = Release|Any CPU
		{35B3DDF7-CF9F-4106-9E2B-CA712430D2D0}.Release|Any CPU.Build.0 = Release|Any CPU
	EndGlobalSection
	GlobalSection(SolutionProperties) = preSolution
		HideSolutionNode = FALSE
	EndGlobalSection
	GlobalSection(ExtensibilityGlobals) = postSolution
		SolutionGuid = {7F4835C6-6C30-436D-B7E2-8DBAEE670BF1}
	EndGlobalSection
EndGlobal
